
Microsoft Visual Studio Solution File, Format Version 12.00
# Visual Studio Version 16
VisualStudioVersion = 16.0.31727.386
MinimumVisualStudioVersion = 10.0.40219.1
Project("{FAE04EC0-301F-11D3-BF4B-00C04F79EFBC}") = "12", "12.csproj", "{44741CE7-C4A4-4E94-8F96-0029920991CB}"
EndProject
Global
	GlobalSection(SolutionConfigurationPlatforms) = preSolution
		Debug|Any CPU = Debug|Any CPU
		Release|Any CPU = Release|Any CPU
	EndGlobalSection
	GlobalSection(ProjectConfigurationPlatforms) = postSolution
		{44741CE7-C4A4-4E94-8F96-0029920991CB}.Debug|Any CPU.ActiveCfg = Debug|Any CPU
		{44741CE7-C4A4-4E94-8F96-0029920991CB}.Debug|Any CPU.Build.0 = Debug|Any CPU
		{44741CE7-C4A4-4E94-8F96-0029920991CB}.Release|Any CPU.ActiveCfg = Release|Any CPU
		{44741CE7-C4A4-4E94-8F96-0029920991CB}.Release|Any CPU.Build.0 = Release|Any CPU
	EndGlobalSection
	GlobalSection(SolutionProperties) = preSolution
		HideSolutionNode = FALSE
	EndGlobalSection
	GlobalSection(ExtensibilityGlobals) = postSolution
		SolutionGuid = {CC2962CD-B69F-46C2-8E37-B33173455CB7}
	EndGlobalSection
EndGlobal
