
Microsoft Visual Studio Solution File, Format Version 12.00
# Visual Studio Version 16
VisualStudioVersion = 16.0.31515.178
MinimumVisualStudioVersion = 10.0.40219.1
Project("{FAE04EC0-301F-11D3-BF4B-00C04F79EFBC}") = "5", "5.csproj", "{3550CCDE-4079-4B30-9BA7-77467B971C9D}"
EndProject
Global
	GlobalSection(SolutionConfigurationPlatforms) = preSolution
		Debug|Any CPU = Debug|Any CPU
		Release|Any CPU = Release|Any CPU
	EndGlobalSection
	GlobalSection(ProjectConfigurationPlatforms) = postSolution
		{3550CCDE-4079-4B30-9BA7-77467B971C9D}.Debug|Any CPU.ActiveCfg = Debug|Any CPU
		{3550CCDE-4079-4B30-9BA7-77467B971C9D}.Debug|Any CPU.Build.0 = Debug|Any CPU
		{3550CCDE-4079-4B30-9BA7-77467B971C9D}.Release|Any CPU.ActiveCfg = Release|Any CPU
		{3550CCDE-4079-4B30-9BA7-77467B971C9D}.Release|Any CPU.Build.0 = Release|Any CPU
	EndGlobalSection
	GlobalSection(SolutionProperties) = preSolution
		HideSolutionNode = FALSE
	EndGlobalSection
	GlobalSection(ExtensibilityGlobals) = postSolution
		SolutionGuid = {28586F35-2687-431A-AB74-F4AAB03BAB39}
	EndGlobalSection
EndGlobal
